{
  "name": "reservation-service",
  "version": "1.0.0",
  "lockfileVersion": 3,
  "requires": true,
  "packages": {
    "": {
      "name": "reservation-service",
      "version": "1.0.0",
      "dependencies": {
        "@campus/common-jwt": "file:../common-jwt-lib"
      }
    },
    "../common-jwt-lib": {
      "name": "@campus/common-jwt",
      "version": "1.0.0",
      "license": "MIT",
      "dependencies": {
        "jsonwebtoken": "^9.0.2"
      }
    },
    "node_modules/@campus/common-jwt": {
      "resolved": "../common-jwt-lib",
      "link": true
    }
  }
}
